{
  "originHash" : "084d6ae55dc91ebd4bc26a811a5e45585f94a807e8d941b710ea4b70f36875b2",
  "pins" : [
    {
      "identity" : "posthog-ios",
      "kind" : "remoteSourceControl",
      "location" : "https://github.com/PostHog/posthog-ios.git",
      "state" : {
        "revision" : "8551035fe72d8d6605cb077dd853867dc04283ec",
        "version" : "3.71.4"
      }
    },
    {
      "identity" : "purchases-ios-spm",
      "kind" : "remoteSourceControl",
      "location" : "https://github.com/RevenueCat/purchases-ios-spm.git",
      "state" : {
        "revision" : "b5c4652249754d6d8ec415a6bc79a611ea38c839",
        "version" : "5.88.0"
      }
    }
  ],
  "version" : 3
}
