{
  "originHash" : "084d6ae55dc91ebd4bc26a811a5e45585f94a807e8d941b710ea4b70f36875b2",
  "pins" : [
    {
      "identity" : "posthog-ios",
      "kind" : "remoteSourceControl",
      "location" : "https://github.com/PostHog/posthog-ios.git",
      "state" : {
        "revision" : "39e527bd41124ab907bfa31e4b3384b124c36e07",
        "version" : "3.58.1"
      }
    },
    {
      "identity" : "purchases-ios-spm",
      "kind" : "remoteSourceControl",
      "location" : "https://github.com/RevenueCat/purchases-ios-spm.git",
      "state" : {
        "revision" : "abb0d68c3e7ba97b16ab51c38fcaca16b0e358c8",
        "version" : "5.66.0"
      }
    }
  ],
  "version" : 3
}
